
Microsoft Visual Studio Solution File, Format Version 12.00
# Visual Studio Version 17
VisualStudioVersion = 17.2.32526.322
MinimumVisualStudioVersion = 10.0.40219.1
Project("{9A19103F-16F7-4668-BE54-9A1E7A4F7556}") = "DaprCounter", "DaprCounter\DaprCounter.csproj", "{563B8EA1-E8A8-4429-9846-9E322042BBA5}"
EndProject
Project("{9A19103F-16F7-4668-BE54-9A1E7A4F7556}") = "MyFrontEnd", "MyFrontEnd\MyFrontEnd.csproj", "{CC27075D-6F4F-411C-8402-FBA01B980E68}"
EndProject
Project("{9A19103F-16F7-4668-BE54-9A1E7A4F7556}") = "MyBackEnd", "MyBackEnd\MyBackEnd.csproj", "{9C525CCD-8E9A-47FF-8975-76F7FEECCBE9}"
EndProject
Project("{E53339B2-1760-4266-BCC7-CA923CBCF16C}") = "docker-compose", "docker-compose.dcproj", "{C8F61454-604A-4DA6-BA58-B0A69FEC42F8}"
EndProject
Global
	GlobalSection(SolutionConfigurationPlatforms) = preSolution
		Debug|Any CPU = Debug|Any CPU
		Release|Any CPU = Release|Any CPU
	EndGlobalSection
	GlobalSection(ProjectConfigurationPlatforms) = postSolution
		{563B8EA1-E8A8-4429-9846-9E322042BBA5}.Debug|Any CPU.ActiveCfg = Debug|Any CPU
		{563B8EA1-E8A8-4429-9846-9E322042BBA5}.Debug|Any CPU.Build.0 = Debug|Any CPU
		{563B8EA1-E8A8-4429-9846-9E322042BBA5}.Release|Any CPU.ActiveCfg = Release|Any CPU
		{563B8EA1-E8A8-4429-9846-9E322042BBA5}.Release|Any CPU.Build.0 = Release|Any CPU
		{CC27075D-6F4F-411C-8402-FBA01B980E68}.Debug|Any CPU.ActiveCfg = Debug|Any CPU
		{CC27075D-6F4F-411C-8402-FBA01B980E68}.Debug|Any CPU.Build.0 = Debug|Any CPU
		{CC27075D-6F4F-411C-8402-FBA01B980E68}.Release|Any CPU.ActiveCfg = Release|Any CPU
		{CC27075D-6F4F-411C-8402-FBA01B980E68}.Release|Any CPU.Build.0 = Release|Any CPU
		{9C525CCD-8E9A-47FF-8975-76F7FEECCBE9}.Debug|Any CPU.ActiveCfg = Debug|Any CPU
		{9C525CCD-8E9A-47FF-8975-76F7FEECCBE9}.Debug|Any CPU.Build.0 = Debug|Any CPU
		{9C525CCD-8E9A-47FF-8975-76F7FEECCBE9}.Release|Any CPU.ActiveCfg = Release|Any CPU
		{9C525CCD-8E9A-47FF-8975-76F7FEECCBE9}.Release|Any CPU.Build.0 = Release|Any CPU
		{C8F61454-604A-4DA6-BA58-B0A69FEC42F8}.Debug|Any CPU.ActiveCfg = Debug|Any CPU
		{C8F61454-604A-4DA6-BA58-B0A69FEC42F8}.Debug|Any CPU.Build.0 = Debug|Any CPU
		{C8F61454-604A-4DA6-BA58-B0A69FEC42F8}.Release|Any CPU.ActiveCfg = Release|Any CPU
		{C8F61454-604A-4DA6-BA58-B0A69FEC42F8}.Release|Any CPU.Build.0 = Release|Any CPU
	EndGlobalSection
	GlobalSection(SolutionProperties) = preSolution
		HideSolutionNode = FALSE
	EndGlobalSection
	GlobalSection(ExtensibilityGlobals) = postSolution
		SolutionGuid = {A1F57B31-7595-4C4D-B783-DE2D0F01E801}
	EndGlobalSection
EndGlobal
